// !$*UTF8*$!
{
	archiveVersion = 1;
	classes = {
	};
	objectVersion = 46;
	objects = {

/* Begin PBXBuildFile section */
		A671291E1C5370510046F9DA /* AppDelegate.swift in Sources */ = {isa = PBXBuildFile; fileRef = A671291D1C5370510046F9DA /* AppDelegate.swift */; };
		A67129201C5370510046F9DA /* ViewController.swift in Sources */ = {isa = PBXBuildFile; fileRef = A671291F1C5370510046F9DA /* ViewController.swift */; };
		A67129231C5370510046F9DA /* Main.storyboard in Resources */ = {isa = PBXBuildFile; fileRef = A67129211C5370510046F9DA /* Main.storyboard */; };
		A67129251C5370510046F9DA /* Assets.xcassets in Resources */ = {isa = PBXBuildFile; fileRef = A67129241C5370510046F9DA /* Assets.xcassets */; };
		A67129281C5370510046F9DA /* LaunchScreen.storyboard in Resources */ = {isa = PBXBuildFile; fileRef = A67129261C5370510046F9DA /* LaunchScreen.storyboard */; };
/* End PBXBuildFile section */

/* Begin PBXFileReference section */
		A671291A1C5370510046F9DA /* SwiftGCDTest.app */ = {isa = PBXFileReference; explicitFileType = wrapper.application; includeInIndex = 0; path = SwiftGCDTest.app; sourceTree = BUILT_PRODUCTS_DIR; };
		A671291D1C5370510046F9DA /* AppDelegate.swift */ = {isa = PBXFileReference; lastKnownFileType = sourcecode.swift; path = AppDelegate.swift; sourceTree = "<group>"; };
		A671291F1C5370510046F9DA /* ViewController.swift */ = {isa = PBXFileReference; lastKnownFileType = sourcecode.swift; path = ViewController.swift; sourceTree = "<group>"; };
		A67129221C5370510046F9DA /* Base */ = {isa = PBXFileReference; lastKnownFileType = file.storyboard; name = Base; path = Base.lproj/Main.storyboard; sourceTree = "<group>"; };
		A67129241C5370510046F9DA /* Assets.xcassets */ = {isa = PBXFileReference; lastKnownFileType = folder.assetcatalog; path = Assets.xcassets; sourceTree = "<group>"; };
		A67129271C5370510046F9DA /* Base */ = {isa = PBXFileReference; lastKnownFileType = file.storyboard; name = Base; path = Base.lproj/LaunchScreen.storyboard; sourceTree = "<group>"; };
		A67129291C5370510046F9DA /* Info.plist */ = {isa = PBXFileReference; lastKnownFileType = text.plist.xml; path = Info.plist; sourceTree = "<group>"; };
/* End PBXFileReference section */

/* Begin PBXFrameworksBuildPhase section */
		A67129171C5370510046F9DA /* Frameworks */ = {
			isa = PBXFrameworksBuildPhase;
			buildActionMask = 2147483647;
			files = (
			);
			runOnlyForDeploymentPostprocessing = 0;
		};
/* End PBXFrameworksBuildPhase section */

/* Begin PBXGroup section */
		A67129111C5370510046F9DA = {
			isa = PBXGroup;
			children = (
				A671291C1C5370510046F9DA /* SwiftGCDTest */,
				A671291B1C5370510046F9DA /* Products */,
			);
			sourceTree = "<group>";
		};
		A671291B1C5370510046F9DA /* Products */ = {
			isa = PBXGroup;
			children = (
				A671291A1C5370510046F9DA /* SwiftGCDTest.app */,
			);
			name = Products;
			sourceTree = "<group>";
		};
		A671291C1C5370510046F9DA /* SwiftGCDTest */ = {
			isa = PBXGroup;
			children = (
				A671291D1C5370510046F9DA /* AppDelegate.swift */,
				A671291F1C5370510046F9DA /* ViewController.swift */,
				A67129211C5370510046F9DA /* Main.storyboard */,
				A67129241C5370510046F9DA /* Assets.xcassets */,
				A67129261C5370510046F9DA /* LaunchScreen.storyboard */,
				A67129291C5370510046F9DA /* Info.plist */,
			);
			path = SwiftGCDTest;
			sourceTree = "<group>";
		};
/* End PBXGroup section */

/* Begin PBXNativeTarget section */
		A67129191C5370510046F9DA /* SwiftGCDTest */ = {
			isa = PBXNativeTarget;
			buildConfigurationList = A671292C1C5370510046F9DA /* Build configuration list for PBXNativeTarget "SwiftGCDTest" */;
			buildPhases = (
				A67129161C5370510046F9DA /* Sources */,
				A67129171C5370510046F9DA /* Frameworks */,
				A67129181C5370510046F9DA /* Resources */,
			);
			buildRules = (
			);
			dependencies = (
			);
			name = SwiftGCDTest;
			productName = SwiftGCDTest;
			productReference = A671291A1C5370510046F9DA /* SwiftGCDTest.app */;
			productType = "com.apple.product-type.application";
		};
/* End PBXNativeTarget section */

/* Begin PBXProject section */
		A67129121C5370510046F9DA /* Project object */ = {
			isa = PBXProject;
			attributes = {
				LastSwiftUpdateCheck = 0720;
				LastUpgradeCheck = 0720;
				ORGANIZATIONNAME = DNT;
				TargetAttributes = {
					A67129191C5370510046F9DA = {
						CreatedOnToolsVersion = 7.2;
					};
				};
			};
			buildConfigurationList = A67129151C5370510046F9DA /* Build configuration list for PBXProject "SwiftGCDTest" */;
			compatibilityVersion = "Xcode 3.2";
			developmentRegion = English;
			hasScannedForEncodings = 0;
			knownRegions = (
				en,
				Base,
			);
			mainGroup = A67129111C5370510046F9DA;
			productRefGroup = A671291B1C5370510046F9DA /* Products */;
			projectDirPath = "";
			projectRoot = "";
			targets = (
				A67129191C5370510046F9DA /* SwiftGCDTest */,
			);
		};
/* End PBXProject section */

/* Begin PBXResourcesBuildPhase section */
		A67129181C5370510046F9DA /* Resources */ = {
			isa = PBXResourcesBuildPhase;
			buildActionMask = 2147483647;
			files = (
				A67129281C5370510046F9DA /* LaunchScreen.storyboard in Resources */,
				A67129251C5370510046F9DA /* Assets.xcassets in Resources */,
				A67129231C5370510046F9DA /* Main.storyboard in Resources */,
			);
			runOnlyForDeploymentPostprocessing = 0;
		};
/* End PBXResourcesBuildPhase section */

/* Begin PBXSourcesBuildPhase section */
		A67129161C5370510046F9DA /* Sources */ = {
			isa = PBXSourcesBuildPhase;
			buildActionMask = 2147483647;
			files = (
				A67129201C5370510046F9DA /* ViewController.swift in Sources */,
				A671291E1C5370510046F9DA /* AppDelegate.swift in Sources */,
			);
			runOnlyForDeploymentPostprocessing = 0;
		};
/* End PBXSourcesBuildPhase section */

/* Begin PBXVariantGroup section */
		A67129211C5370510046F9DA /* Main.storyboard */ = {
			isa = PBXVariantGroup;
			children = (
				A67129221C5370510046F9DA /* Base */,
			);
			name = Main.storyboard;
			sourceTree = "<group>";
		};
		A67129261C5370510046F9DA /* LaunchScreen.storyboard */ = {
			isa = PBXVariantGroup;
			children = (
				A67129271C5370510046F9DA /* Base */,
			);
			name = LaunchScreen.storyboard;
			sourceTree = "<group>";
		};
/* End PBXVariantGroup section */

/* Begin XCBuildConfiguration section */
		A671292A1C5370510046F9DA /* Debug */ = {
			isa = XCBuildConfiguration;
			buildSettings = {
				ALWAYS_SEARCH_USER_PATHS = NO;
				CLANG_CXX_LANGUAGE_STANDARD = "gnu++0x";
				CLANG_CXX_LIBRARY = "libc++";
				CLANG_ENABLE_MODULES = YES;
				CLANG_ENABLE_OBJC_ARC = YES;
				CLANG_WARN_BOOL_CONVERSION = YES;
				CLANG_WARN_CONSTANT_CONVERSION = YES;
				CLANG_WARN_DIRECT_OBJC_ISA_USAGE = YES_ERROR;
				CLANG_WARN_EMPTY_BODY = YES;
				CLANG_WARN_ENUM_CONVERSION = YES;
				CLANG_WARN_INT_CONVERSION = YES;
				CLANG_WARN_OBJC_ROOT_CLASS = YES_ERROR;
				CLANG_WARN_UNREACHABLE_CODE = YES;
				CLANG_WARN__DUPLICATE_METHOD_MATCH = YES;
				"CODE_SIGN_IDENTITY[sdk=iphoneos*]" = "iPhone Developer";
				COPY_PHASE_STRIP = NO;
				DEBUG_INFORMATION_FORMAT = dwarf;
				ENABLE_STRICT_OBJC_MSGSEND = YES;
				ENABLE_TESTABILITY = YES;
				GCC_C_LANGUAGE_STANDARD = gnu99;
				GCC_DYNAMIC_NO_PIC = NO;
				GCC_NO_COMMON_BLOCKS = YES;
				GCC_OPTIMIZATION_LEVEL = 0;
				GCC_PREPROCESSOR_DEFINITIONS = (
					"DEBUG=1",
					"$(inherited)",
				);
				GCC_WARN_64_TO_32_BIT_CONVERSION = YES;
				GCC_WARN_ABOUT_RETURN_TYPE = YES_ERROR;
				GCC_WARN_UNDECLARED_SELECTOR = YES;
				GCC_WARN_UNINITIALIZED_AUTOS = YES_AGGRESSIVE;
				GCC_WARN_UNUSED_FUNCTION = YES;
				GCC_WARN_UNUSED_VARIABLE = YES;
				IPHONEOS_DEPLOYMENT_TARGET = 9.2;
				MTL_ENABLE_DEBUG_INFO = YES;
				ONLY_ACTIVE_ARCH = YES;
				SDKROOT = iphoneos;
				SWIFT_OPTIMIZATION_LEVEL = "-Onone";
			};
			name = Debug;
		};
		A671292B1C5370510046F9DA /* Release */ = {
			isa = XCBuildConfiguration;
			buildSettings = {
				ALWAYS_SEARCH_USER_PATHS = NO;
				CLANG_CXX_LANGUAGE_STANDARD = "gnu++0x";
				CLANG_CXX_LIBRARY = "libc++";
				CLANG_ENABLE_MODULES = YES;
				CLANG_ENABLE_OBJC_ARC = YES;
				CLANG_WARN_BOOL_CONVERSION = YES;
				CLANG_WARN_CONSTANT_CONVERSION = YES;
				CLANG_WARN_DIRECT_OBJC_ISA_USAGE = YES_ERROR;
				CLANG_WARN_EMPTY_BODY = YES;
				CLANG_WARN_ENUM_CONVERSION = YES;
				CLANG_WARN_INT_CONVERSION = YES;
				CLANG_WARN_OBJC_ROOT_CLASS = YES_ERROR;
				CLANG_WARN_UNREACHABLE_CODE = YES;
				CLANG_WARN__DUPLICATE_METHOD_MATCH = YES;
				"CODE_SIGN_IDENTITY[sdk=iphoneos*]" = "iPhone Developer";
				COPY_PHASE_STRIP = NO;
				DEBUG_INFORMATION_FORMAT = "dwarf-with-dsym";
				ENABLE_NS_ASSERTIONS = NO;
				ENABLE_STRICT_OBJC_MSGSEND = YES;
				GCC_C_LANGUAGE_STANDARD = gnu99;
				GCC_NO_COMMON_BLOCKS = YES;
				GCC_WARN_64_TO_32_BIT_CONVERSION = YES;
				GCC_WARN_ABOUT_RETURN_TYPE = YES_ERROR;
				GCC_WARN_UNDECLARED_SELECTOR = YES;
				GCC_WARN_UNINITIALIZED_AUTOS = YES_AGGRESSIVE;
				GCC_WARN_UNUSED_FUNCTION = YES;
				GCC_WARN_UNUSED_VARIABLE = YES;
				IPHONEOS_DEPLOYMENT_TARGET = 9.2;
				MTL_ENABLE_DEBUG_INFO = NO;
				SDKROOT = iphoneos;
				VALIDATE_PRODUCT = YES;
			};
			name = Release;
		};
		A671292D1C5370510046F9DA /* Debug */ = {
			isa = XCBuildConfiguration;
			buildSettings = {
				ASSETCATALOG_COMPILER_APPICON_NAME = AppIcon;
				INFOPLIST_FILE = SwiftGCDTest/Info.plist;
				LD_RUNPATH_SEARCH_PATHS = "$(inherited) @executable_path/Frameworks";
				PRODUCT_BUNDLE_IDENTIFIER = com.davidandty.SwiftGCDTest;
				PRODUCT_NAME = "$(TARGET_NAME)";
			};
			name = Debug;
		};
		A671292E1C5370510046F9DA /* Release */ = {
			isa = XCBuildConfiguration;
			buildSettings = {
				ASSETCATALOG_COMPILER_APPICON_NAME = AppIcon;
				INFOPLIST_FILE = SwiftGCDTest/Info.plist;
				LD_RUNPATH_SEARCH_PATHS = "$(inherited) @executable_path/Frameworks";
				PRODUCT_BUNDLE_IDENTIFIER = com.davidandty.SwiftGCDTest;
				PRODUCT_NAME = "$(TARGET_NAME)";
			};
			name = Release;
		};
/* End XCBuildConfiguration section */

/* Begin XCConfigurationList section */
		A67129151C5370510046F9DA /* Build configuration list for PBXProject "SwiftGCDTest" */ = {
			isa = XCConfigurationList;
			buildConfigurations = (
				A671292A1C5370510046F9DA /* Debug */,
				A671292B1C5370510046F9DA /* Release */,
			);
			defaultConfigurationIsVisible = 0;
			defaultConfigurationName = Release;
		};
		A671292C1C5370510046F9DA /* Build configuration list for PBXNativeTarget "SwiftGCDTest" */ = {
			isa = XCConfigurationList;
			buildConfigurations = (
				A671292D1C5370510046F9DA /* Debug */,
				A671292E1C5370510046F9DA /* Release */,
			);
			defaultConfigurationIsVisible = 0;
		};
/* End XCConfigurationList section */
	};
	rootObject = A67129121C5370510046F9DA /* Project object */;
}
